
Microsoft Visual Studio Solution File, Format Version 12.00
# Visual Studio 15
VisualStudioVersion = 15.0.28307.1259
MinimumVisualStudioVersion = 10.0.40219.1
Project("{FAE04EC0-301F-11D3-BF4B-00C04F79EFBC}") = "Example_3_new", "Example_3_new\Example_3_new.csproj", "{96E4878E-FC10-4DC6-873D-89994C791937}"
EndProject
Global
	GlobalSection(SolutionConfigurationPlatforms) = preSolution
		Debug|Any CPU = Debug|Any CPU
		Release|Any CPU = Release|Any CPU
	EndGlobalSection
	GlobalSection(ProjectConfigurationPlatforms) = postSolution
		{96E4878E-FC10-4DC6-873D-89994C791937}.Debug|Any CPU.ActiveCfg = Debug|Any CPU
		{96E4878E-FC10-4DC6-873D-89994C791937}.Debug|Any CPU.Build.0 = Debug|Any CPU
		{96E4878E-FC10-4DC6-873D-89994C791937}.Release|Any CPU.ActiveCfg = Release|Any CPU
		{96E4878E-FC10-4DC6-873D-89994C791937}.Release|Any CPU.Build.0 = Release|Any CPU
	EndGlobalSection
	GlobalSection(SolutionProperties) = preSolution
		HideSolutionNode = FALSE
	EndGlobalSection
	GlobalSection(ExtensibilityGlobals) = postSolution
		SolutionGuid = {E996F5B5-9C0E-4AEC-B8D9-CE8AA18AC0D5}
	EndGlobalSection
EndGlobal
