
Microsoft Visual Studio Solution File, Format Version 12.00
# Visual Studio Version 16
VisualStudioVersion = 16.0.30503.244
MinimumVisualStudioVersion = 10.0.40219.1
Project("{FAE04EC0-301F-11D3-BF4B-00C04F79EFBC}") = "HelloWorld", "HelloWorld\HelloWorld.csproj", "{15DA94F8-8300-4A24-BB96-7DC9B8B13380}"
EndProject
Global
	GlobalSection(SolutionConfigurationPlatforms) = preSolution
		Debug|Any CPU = Debug|Any CPU
		Release|Any CPU = Release|Any CPU
	EndGlobalSection
	GlobalSection(ProjectConfigurationPlatforms) = postSolution
		{15DA94F8-8300-4A24-BB96-7DC9B8B13380}.Debug|Any CPU.ActiveCfg = Debug|Any CPU
		{15DA94F8-8300-4A24-BB96-7DC9B8B13380}.Debug|Any CPU.Build.0 = Debug|Any CPU
		{15DA94F8-8300-4A24-BB96-7DC9B8B13380}.Release|Any CPU.ActiveCfg = Release|Any CPU
		{15DA94F8-8300-4A24-BB96-7DC9B8B13380}.Release|Any CPU.Build.0 = Release|Any CPU
	EndGlobalSection
	GlobalSection(SolutionProperties) = preSolution
		HideSolutionNode = FALSE
	EndGlobalSection
	GlobalSection(ExtensibilityGlobals) = postSolution
		SolutionGuid = {5C95184A-EEE5-4067-ADD9-68098DA65F72}
	EndGlobalSection
EndGlobal
